
Microsoft Visual Studio Solution File, Format Version 12.00
# Visual Studio Version 16
VisualStudioVersion = 16.0.30804.86
MinimumVisualStudioVersion = 10.0.40219.1
Project("{FAE04EC0-301F-11D3-BF4B-00C04F79EFBC}") = "BlazorSample", "BlazorSample\BlazorSample.csproj", "{BE064644-1D2F-45FA-A842-92A5512B8C3A}"
EndProject
Global
	GlobalSection(SolutionConfigurationPlatforms) = preSolution
		Debug|Any CPU = Debug|Any CPU
		Release|Any CPU = Release|Any CPU
	EndGlobalSection
	GlobalSection(ProjectConfigurationPlatforms) = postSolution
		{BE064644-1D2F-45FA-A842-92A5512B8C3A}.Debug|Any CPU.ActiveCfg = Debug|Any CPU
		{BE064644-1D2F-45FA-A842-92A5512B8C3A}.Debug|Any CPU.Build.0 = Debug|Any CPU
		{BE064644-1D2F-45FA-A842-92A5512B8C3A}.Release|Any CPU.ActiveCfg = Release|Any CPU
		{BE064644-1D2F-45FA-A842-92A5512B8C3A}.Release|Any CPU.Build.0 = Release|Any CPU
	EndGlobalSection
	GlobalSection(SolutionProperties) = preSolution
		HideSolutionNode = FALSE
	EndGlobalSection
	GlobalSection(ExtensibilityGlobals) = postSolution
		SolutionGuid = {BCC2F002-879C-4306-8BFD-DBAC252D62EA}
	EndGlobalSection
EndGlobal
